PODS:
  - Alamofire (5.2.2)
  - ProgressHUD (13.4)

DEPENDENCIES:
  - Alamofire (~> 5.2)
  - ProgressHUD

SPEC REPOS:
  trunk:
    - Alamofire
    - ProgressHUD

SPEC CHECKSUMS:
  Alamofire: 814429acc853c6c54ff123fc3d2ef66803823ce0
  ProgressHUD: 137a7fc677487c5581668f4490563124fb35c232

PODFILE CHECKSUM: a903c69eb65cbeaae91957e004105f73fdf0b430

COCOAPODS: 1.10.0.rc.1
